
Microsoft Visual Studio Solution File, Format Version 12.00
# Visual Studio 15
VisualStudioVersion = 15.0.27004.2010
MinimumVisualStudioVersion = 10.0.40219.1
Project("{FAE04EC0-301F-11D3-BF4B-00C04F79EFBC}") = "StepmaniaUtils.Core", "StepmaniaUtils.Core\StepmaniaUtils.Core.csproj", "{7F29557B-A97B-4801-A241-A85B236A6AC7}"
EndProject
Project("{FAE04EC0-301F-11D3-BF4B-00C04F79EFBC}") = "StepmaniaUtils.Tests", "StepmaniaUtils.Tests\StepmaniaUtils.Tests.csproj", "{73497C68-A68C-43A1-9FB2-28649EB3F0E2}"
EndProject
Global
	GlobalSection(SolutionConfigurationPlatforms) = preSolution
		Debug|Any CPU = Debug|Any CPU
		Release|Any CPU = Release|Any CPU
	EndGlobalSection
	GlobalSection(ProjectConfigurationPlatforms) = postSolution
		{7F29557B-A97B-4801-A241-A85B236A6AC7}.Debug|Any CPU.ActiveCfg = Debug|Any CPU
		{7F29557B-A97B-4801-A241-A85B236A6AC7}.Debug|Any CPU.Build.0 = Debug|Any CPU
		{7F29557B-A97B-4801-A241-A85B236A6AC7}.Release|Any CPU.ActiveCfg = Release|Any CPU
		{7F29557B-A97B-4801-A241-A85B236A6AC7}.Release|Any CPU.Build.0 = Release|Any CPU
		{73497C68-A68C-43A1-9FB2-28649EB3F0E2}.Debug|Any CPU.ActiveCfg = Debug|Any CPU
		{73497C68-A68C-43A1-9FB2-28649EB3F0E2}.Debug|Any CPU.Build.0 = Debug|Any CPU
		{73497C68-A68C-43A1-9FB2-28649EB3F0E2}.Release|Any CPU.ActiveCfg = Release|Any CPU
		{73497C68-A68C-43A1-9FB2-28649EB3F0E2}.Release|Any CPU.Build.0 = Release|Any CPU
	EndGlobalSection
	GlobalSection(SolutionProperties) = preSolution
		HideSolutionNode = FALSE
	EndGlobalSection
	GlobalSection(ExtensibilityGlobals) = postSolution
		SolutionGuid = {E487E3DE-4968-4329-B577-143C8CBA22E1}
	EndGlobalSection
EndGlobal
