
Microsoft Visual Studio Solution File, Format Version 12.00
# Visual Studio 15
VisualStudioVersion = 15.0.28307.421
MinimumVisualStudioVersion = 10.0.40219.1
Project("{9A19103F-16F7-4668-BE54-9A1E7A4F7556}") = "StepmaniaUtils.Tests", "StepmaniaUtils.Tests\StepmaniaUtils.Tests.csproj", "{984F5B65-0C9E-41B7-B804-8CC684F768C9}"
EndProject
Project("{9A19103F-16F7-4668-BE54-9A1E7A4F7556}") = "StepmaniaUtils.Core", "StepmaniaUtils.Core\StepmaniaUtils.Core.csproj", "{6C999D63-F19F-41B7-A8E3-E8B799219B7D}"
EndProject
Global
	GlobalSection(SolutionConfigurationPlatforms) = preSolution
		Debug|Any CPU = Debug|Any CPU
		Release|Any CPU = Release|Any CPU
	EndGlobalSection
	GlobalSection(ProjectConfigurationPlatforms) = postSolution
		{984F5B65-0C9E-41B7-B804-8CC684F768C9}.Debug|Any CPU.ActiveCfg = Debug|Any CPU
		{984F5B65-0C9E-41B7-B804-8CC684F768C9}.Debug|Any CPU.Build.0 = Debug|Any CPU
		{984F5B65-0C9E-41B7-B804-8CC684F768C9}.Release|Any CPU.ActiveCfg = Release|Any CPU
		{984F5B65-0C9E-41B7-B804-8CC684F768C9}.Release|Any CPU.Build.0 = Release|Any CPU
		{6C999D63-F19F-41B7-A8E3-E8B799219B7D}.Debug|Any CPU.ActiveCfg = Debug|Any CPU
		{6C999D63-F19F-41B7-A8E3-E8B799219B7D}.Debug|Any CPU.Build.0 = Debug|Any CPU
		{6C999D63-F19F-41B7-A8E3-E8B799219B7D}.Release|Any CPU.ActiveCfg = Release|Any CPU
		{6C999D63-F19F-41B7-A8E3-E8B799219B7D}.Release|Any CPU.Build.0 = Release|Any CPU
	EndGlobalSection
	GlobalSection(SolutionProperties) = preSolution
		HideSolutionNode = FALSE
	EndGlobalSection
	GlobalSection(ExtensibilityGlobals) = postSolution
		SolutionGuid = {B37FA122-8DCC-40CD-900B-03BB5E2359CD}
	EndGlobalSection
EndGlobal
